{
  "lockfileVersion": 1,
  "configVersion": 1,
  "workspaces": {
    "": {
      "dependencies": {
        "cookie-parser": "^1.4.7",
      },
    },
  },
  "packages": {
    "cookie": ["cookie@0.7.2", "", {}, "sha512-yki5XnKuf750l50uGTllt6kKILY4nQ1eNIQatoXEByZ5dWgnKqbnqmTrBE5B4N7lrMJKQ2ytWMiTO2o0v6Ew/w=="],

    "cookie-parser": ["cookie-parser@1.4.7", "", { "dependencies": { "cookie": "0.7.2", "cookie-signature": "1.0.6" } }, "sha512-nGUvgXnotP3BsjiLX2ypbQnWoGUPIIfHQNZkkC668ntrzGWEZVW70HDEB1qnNGMicPje6EttlIgzo51YSwNQGw=="],

    "cookie-signature": ["cookie-signature@1.0.6", "", {}, "sha512-QADzlaHc8icV8I7vbaJXJwod9HWYp8uCqf1xa4OfNu1T7JVxQIrUgOWtHdNDtPiywmFbiS12VjotIXLrKM3orQ=="],
  }
}
